
Microsoft Visual Studio Solution File, Format Version 12.00
# Visual Studio Version 17
VisualStudioVersion = 17.4.33213.308
MinimumVisualStudioVersion = 10.0.40219.1
Project("{FAE04EC0-301F-11D3-BF4B-00C04F79EFBC}") = "Asp.net-MVC-Bootstrap", "Asp.net-MVC-Bootstrap.csproj", "{FF7CC8A6-044A-469B-9CFF-301380F3D8EB}"
EndProject
Global
	GlobalSection(SolutionConfigurationPlatforms) = preSolution
		Debug|Any CPU = Debug|Any CPU
		Release|Any CPU = Release|Any CPU
	EndGlobalSection
	GlobalSection(ProjectConfigurationPlatforms) = postSolution
		{FF7CC8A6-044A-469B-9CFF-301380F3D8EB}.Debug|Any CPU.ActiveCfg = Debug|Any CPU
		{FF7CC8A6-044A-469B-9CFF-301380F3D8EB}.Debug|Any CPU.Build.0 = Debug|Any CPU
		{FF7CC8A6-044A-469B-9CFF-301380F3D8EB}.Release|Any CPU.ActiveCfg = Release|Any CPU
		{FF7CC8A6-044A-469B-9CFF-301380F3D8EB}.Release|Any CPU.Build.0 = Release|Any CPU
	EndGlobalSection
	GlobalSection(SolutionProperties) = preSolution
		HideSolutionNode = FALSE
	EndGlobalSection
	GlobalSection(ExtensibilityGlobals) = postSolution
		SolutionGuid = {1C177B85-4568-4728-964C-0FAACEE5F9AA}
	EndGlobalSection
EndGlobal
